
Microsoft Visual Studio Solution File, Format Version 12.00
# Visual Studio Version 16
VisualStudioVersion = 16.0.30517.126
MinimumVisualStudioVersion = 10.0.40219.1
Project("{FAE04EC0-301F-11D3-BF4B-00C04F79EFBC}") = "TrainingPractice_02", "TrainingPractice_02.csproj", "{2F08BFDC-807E-46C3-867F-8D746F3C6F5A}"
EndProject
Global
	GlobalSection(SolutionConfigurationPlatforms) = preSolution
		Debug|Any CPU = Debug|Any CPU
		Release|Any CPU = Release|Any CPU
	EndGlobalSection
	GlobalSection(ProjectConfigurationPlatforms) = postSolution
		{2F08BFDC-807E-46C3-867F-8D746F3C6F5A}.Debug|Any CPU.ActiveCfg = Debug|Any CPU
		{2F08BFDC-807E-46C3-867F-8D746F3C6F5A}.Debug|Any CPU.Build.0 = Debug|Any CPU
		{2F08BFDC-807E-46C3-867F-8D746F3C6F5A}.Release|Any CPU.ActiveCfg = Release|Any CPU
		{2F08BFDC-807E-46C3-867F-8D746F3C6F5A}.Release|Any CPU.Build.0 = Release|Any CPU
	EndGlobalSection
	GlobalSection(SolutionProperties) = preSolution
		HideSolutionNode = FALSE
	EndGlobalSection
	GlobalSection(ExtensibilityGlobals) = postSolution
		SolutionGuid = {C6150394-3095-4065-AC7E-264F0EE887A1}
	EndGlobalSection
EndGlobal
